
Microsoft Visual Studio Solution File, Format Version 12.00
# Visual Studio Version 16
VisualStudioVersion = 16.0.31702.278
MinimumVisualStudioVersion = 10.0.40219.1
Project("{FAE04EC0-301F-11D3-BF4B-00C04F79EFBC}") = "ContactListApi", "ContactListApi\ContactListApi.csproj", "{2B2AF199-698A-45C6-9F8D-19EBA5A978F2}"
EndProject
Global
	GlobalSection(SolutionConfigurationPlatforms) = preSolution
		Debug|Any CPU = Debug|Any CPU
		Release|Any CPU = Release|Any CPU
	EndGlobalSection
	GlobalSection(ProjectConfigurationPlatforms) = postSolution
		{2B2AF199-698A-45C6-9F8D-19EBA5A978F2}.Debug|Any CPU.ActiveCfg = Debug|Any CPU
		{2B2AF199-698A-45C6-9F8D-19EBA5A978F2}.Debug|Any CPU.Build.0 = Debug|Any CPU
		{2B2AF199-698A-45C6-9F8D-19EBA5A978F2}.Release|Any CPU.ActiveCfg = Release|Any CPU
		{2B2AF199-698A-45C6-9F8D-19EBA5A978F2}.Release|Any CPU.Build.0 = Release|Any CPU
	EndGlobalSection
	GlobalSection(SolutionProperties) = preSolution
		HideSolutionNode = FALSE
	EndGlobalSection
	GlobalSection(ExtensibilityGlobals) = postSolution
		SolutionGuid = {D5DF8FFD-1F29-4270-BECB-D23EF3F5AB30}
	EndGlobalSection
EndGlobal
